dependencies:
- name: openebs-crds
  repository: ""
  version: 4.5.1
- name: loki
  repository: https://grafana.github.io/helm-charts
  version: 6.29.0
- name: alloy
  repository: https://grafana.github.io/helm-charts
  version: 1.0.1
- name: localpv-provisioner
  repository: https://openebs.github.io/dynamic-localpv-provisioner
  version: 4.5.1
- name: zfs-localpv
  repository: https://openebs.github.io/zfs-localpv
  version: 2.10.1
- name: lvm-localpv
  repository: https://openebs.github.io/lvm-localpv
  version: 1.9.1
- name: rawfile-localpv
  repository: https://openebs.github.io/rawfile-localpv
  version: 0.14.1
- name: mayastor
  repository: https://openebs.github.io/mayastor-extensions
  version: 2.11.1
digest: sha256:57cd7c9d42bb66508b5c5b3e245afeb769cec35848606e0cccc9aea8ccb18fc5
generated: "2026-06-18T10:55:19.805639148Z"
